// !$*UTF8*$!
{
	archiveVersion = 1;
	classes = {
	};
	objectVersion = 50;
	objects = {

/* Begin PBXBuildFile section */
		523F9215256E1D1000046E58 /* AppDelegate.swift in Sources */ = {isa = PBXBuildFile; fileRef = 523F9214256E1D1000046E58 /* AppDelegate.swift */; };
		523F9217256E1D1000046E58 /* SceneDelegate.swift in Sources */ = {isa = PBXBuildFile; fileRef = 523F9216256E1D1000046E58 /* SceneDelegate.swift */; };
		523F921E256E1D1200046E58 /* Assets.xcassets in Resources */ = {isa = PBXBuildFile; fileRef = 523F921D256E1D1200046E58 /* Assets.xcassets */; };
		523F9221256E1D1200046E58 /* LaunchScreen.storyboard in Resources */ = {isa = PBXBuildFile; fileRef = 523F921F256E1D1200046E58 /* LaunchScreen.storyboard */; };
		523F922C256E1D1200046E58 /* GithubFollowersAppTests.swift in Sources */ = {isa = PBXBuildFile; fileRef = 523F922B256E1D1200046E58 /* GithubFollowersAppTests.swift */; };
		523F9237256E1D1200046E58 /* GithubFollowersAppUITests.swift in Sources */ = {isa = PBXBuildFile; fileRef = 523F9236256E1D1200046E58 /* GithubFollowersAppUITests.swift */; };
		523F9254256E230800046E58 /* SearchVC.swift in Sources */ = {isa = PBXBuildFile; fileRef = 523F9253256E230800046E58 /* SearchVC.swift */; };
		523F9259256E232E00046E58 /* FavoritesListVC.swift in Sources */ = {isa = PBXBuildFile; fileRef = 523F9258256E232E00046E58 /* FavoritesListVC.swift */; };
		523F925E256E2BA200046E58 /* GFButton.swift in Sources */ = {isa = PBXBuildFile; fileRef = 523F925D256E2BA200046E58 /* GFButton.swift */; };
		523F9263256E2DBB00046E58 /* GFTextField.swift in Sources */ = {isa = PBXBuildFile; fileRef = 523F9262256E2DBB00046E58 /* GFTextField.swift */; };
		523F9268256F743F00046E58 /* FollowerListVC.swift in Sources */ = {isa = PBXBuildFile; fileRef = 523F9267256F743F00046E58 /* FollowerListVC.swift */; };
/* End PBXBuildFile section */

/* Begin PBXContainerItemProxy section */
		523F9228256E1D1200046E58 /* PBXContainerItemProxy */ = {
			isa = PBXContainerItemProxy;
			containerPortal = 523F9209256E1D1000046E58 /* Project object */;
			proxyType = 1;
			remoteGlobalIDString = 523F9210256E1D1000046E58;
			remoteInfo = GithubFollowersApp;
		};
		523F9233256E1D1200046E58 /* PBXContainerItemProxy */ = {
			isa = PBXContainerItemProxy;
			containerPortal = 523F9209256E1D1000046E58 /* Project object */;
			proxyType = 1;
			remoteGlobalIDString = 523F9210256E1D1000046E58;
			remoteInfo = GithubFollowersApp;
		};
/* End PBXContainerItemProxy section */

/* Begin PBXFileReference section */
		523F9211256E1D1000046E58 /* GithubFollowersApp.app */ = {isa = PBXFileReference; explicitFileType = wrapper.application; includeInIndex = 0; path = GithubFollowersApp.app; sourceTree = BUILT_PRODUCTS_DIR; };
		523F9214256E1D1000046E58 /* AppDelegate.swift */ = {isa = PBXFileReference; lastKnownFileType = sourcecode.swift; path = AppDelegate.swift; sourceTree = "<group>"; };
		523F9216256E1D1000046E58 /* SceneDelegate.swift */ = {isa = PBXFileReference; lastKnownFileType = sourcecode.swift; path = SceneDelegate.swift; sourceTree = "<group>"; };
		523F921D256E1D1200046E58 /* Assets.xcassets */ = {isa = PBXFileReference; lastKnownFileType = folder.assetcatalog; path = Assets.xcassets; sourceTree = "<group>"; };
		523F9220256E1D1200046E58 /* Base */ = {isa = PBXFileReference; lastKnownFileType = file.storyboard; name = Base; path = Base.lproj/LaunchScreen.storyboard; sourceTree = "<group>"; };
		523F9222256E1D1200046E58 /* Info.plist */ = {isa = PBXFileReference; lastKnownFileType = text.plist.xml; path = Info.plist; sourceTree = "<group>"; };
		523F9227256E1D1200046E58 /* GithubFollowersAppTests.xctest */ = {isa = PBXFileReference; explicitFileType = wrapper.cfbundle; includeInIndex = 0; path = GithubFollowersAppTests.xctest; sourceTree = BUILT_PRODUCTS_DIR; };
		523F922B256E1D1200046E58 /* GithubFollowersAppTests.swift */ = {isa = PBXFileReference; lastKnownFileType = sourcecode.swift; path = GithubFollowersAppTests.swift; sourceTree = "<group>"; };
		523F922D256E1D1200046E58 /* Info.plist */ = {isa = PBXFileReference; lastKnownFileType = text.plist.xml; path = Info.plist; sourceTree = "<group>"; };
		523F9232256E1D1200046E58 /* GithubFollowersAppUITests.xctest */ = {isa = PBXFileReference; explicitFileType = wrapper.cfbundle; includeInIndex = 0; path = GithubFollowersAppUITests.xctest; sourceTree = BUILT_PRODUCTS_DIR; };
		523F9236256E1D1200046E58 /* GithubFollowersAppUITests.swift */ = {isa = PBXFileReference; lastKnownFileType = sourcecode.swift; path = GithubFollowersAppUITests.swift; sourceTree = "<group>"; };
		523F9238256E1D1200046E58 /* Info.plist */ = {isa = PBXFileReference; lastKnownFileType = text.plist.xml; path = Info.plist; sourceTree = "<group>"; };
		523F9253256E230800046E58 /* SearchVC.swift */ = {isa = PBXFileReference; lastKnownFileType = sourcecode.swift; path = SearchVC.swift; sourceTree = "<group>"; };
		523F9258256E232E00046E58 /* FavoritesListVC.swift */ = {isa = PBXFileReference; lastKnownFileType = sourcecode.swift; path = FavoritesListVC.swift; sourceTree = "<group>"; };
		523F925D256E2BA200046E58 /* GFButton.swift */ = {isa = PBXFileReference; lastKnownFileType = sourcecode.swift; path = GFButton.swift; sourceTree = "<group>"; };
		523F9262256E2DBB00046E58 /* GFTextField.swift */ = {isa = PBXFileReference; lastKnownFileType = sourcecode.swift; path = GFTextField.swift; sourceTree = "<group>"; };
		523F9267256F743F00046E58 /* FollowerListVC.swift */ = {isa = PBXFileReference; lastKnownFileType = sourcecode.swift; path = FollowerListVC.swift; sourceTree = "<group>"; };
/* End PBXFileReference section */

/* Begin PBXFrameworksBuildPhase section */
		523F920E256E1D1000046E58 /* Frameworks */ = {
			isa = PBXFrameworksBuildPhase;
			buildActionMask = 2147483647;
			files = (
			);
			runOnlyForDeploymentPostprocessing = 0;
		};
		523F9224256E1D1200046E58 /* Frameworks */ = {
			isa = PBXFrameworksBuildPhase;
			buildActionMask = 2147483647;
			files = (
			);
			runOnlyForDeploymentPostprocessing = 0;
		};
		523F922F256E1D1200046E58 /* Frameworks */ = {
			isa = PBXFrameworksBuildPhase;
			buildActionMask = 2147483647;
			files = (
			);
			runOnlyForDeploymentPostprocessing = 0;
		};
/* End PBXFrameworksBuildPhase section */

/* Begin PBXGroup section */
		523F9208256E1D1000046E58 = {
			isa = PBXGroup;
			children = (
				523F9213256E1D1000046E58 /* GithubFollowersApp */,
				523F922A256E1D1200046E58 /* GithubFollowersAppTests */,
				523F9235256E1D1200046E58 /* GithubFollowersAppUITests */,
				523F9212256E1D1000046E58 /* Products */,
			);
			sourceTree = "<group>";
		};
		523F9212256E1D1000046E58 /* Products */ = {
			isa = PBXGroup;
			children = (
				523F9211256E1D1000046E58 /* GithubFollowersApp.app */,
				523F9227256E1D1200046E58 /* GithubFollowersAppTests.xctest */,
				523F9232256E1D1200046E58 /* GithubFollowersAppUITests.xctest */,
			);
			name = Products;
			sourceTree = "<group>";
		};
		523F9213256E1D1000046E58 /* GithubFollowersApp */ = {
			isa = PBXGroup;
			children = (
				523F9214256E1D1000046E58 /* AppDelegate.swift */,
				523F925D256E2BA200046E58 /* GFButton.swift */,
				523F9262256E2DBB00046E58 /* GFTextField.swift */,
				523F9216256E1D1000046E58 /* SceneDelegate.swift */,
				523F9253256E230800046E58 /* SearchVC.swift */,
				523F921D256E1D1200046E58 /* Assets.xcassets */,
				523F921F256E1D1200046E58 /* LaunchScreen.storyboard */,
				523F9222256E1D1200046E58 /* Info.plist */,
				523F9258256E232E00046E58 /* FavoritesListVC.swift */,
				523F9267256F743F00046E58 /* FollowerListVC.swift */,
			);
			path = GithubFollowersApp;
			sourceTree = "<group>";
		};
		523F922A256E1D1200046E58 /* GithubFollowersAppTests */ = {
			isa = PBXGroup;
			children = (
				523F922B256E1D1200046E58 /* GithubFollowersAppTests.swift */,
				523F922D256E1D1200046E58 /* Info.plist */,
			);
			path = GithubFollowersAppTests;
			sourceTree = "<group>";
		};
		523F9235256E1D1200046E58 /* GithubFollowersAppUITests */ = {
			isa = PBXGroup;
			children = (
				523F9236256E1D1200046E58 /* GithubFollowersAppUITests.swift */,
				523F9238256E1D1200046E58 /* Info.plist */,
			);
			path = GithubFollowersAppUITests;
			sourceTree = "<group>";
		};
/* End PBXGroup section */

/* Begin PBXNativeTarget section */
		523F9210256E1D1000046E58 /* GithubFollowersApp */ = {
			isa = PBXNativeTarget;
			buildConfigurationList = 523F923B256E1D1200046E58 /* Build configuration list for PBXNativeTarget "GithubFollowersApp" */;
			buildPhases = (
				523F920D256E1D1000046E58 /* Sources */,
				523F920E256E1D1000046E58 /* Frameworks */,
				523F920F256E1D1000046E58 /* Resources */,
			);
			buildRules = (
			);
			dependencies = (
			);
			name = GithubFollowersApp;
			productName = GithubFollowersApp;
			productReference = 523F9211256E1D1000046E58 /* GithubFollowersApp.app */;
			productType = "com.apple.product-type.application";
		};
		523F9226256E1D1200046E58 /* GithubFollowersAppTests */ = {
			isa = PBXNativeTarget;
			buildConfigurationList = 523F923E256E1D1200046E58 /* Build configuration list for PBXNativeTarget "GithubFollowersAppTests" */;
			buildPhases = (
				523F9223256E1D1200046E58 /* Sources */,
				523F9224256E1D1200046E58 /* Frameworks */,
				523F9225256E1D1200046E58 /* Resources */,
			);
			buildRules = (
			);
			dependencies = (
				523F9229256E1D1200046E58 /* PBXTargetDependency */,
			);
			name = GithubFollowersAppTests;
			productName = GithubFollowersAppTests;
			productReference = 523F9227256E1D1200046E58 /* GithubFollowersAppTests.xctest */;
			productType = "com.apple.product-type.bundle.unit-test";
		};
		523F9231256E1D1200046E58 /* GithubFollowersAppUITests */ = {
			isa = PBXNativeTarget;
			buildConfigurationList = 523F9241256E1D1200046E58 /* Build configuration list for PBXNativeTarget "GithubFollowersAppUITests" */;
			buildPhases = (
				523F922E256E1D1200046E58 /* Sources */,
				523F922F256E1D1200046E58 /* Frameworks */,
				523F9230256E1D1200046E58 /* Resources */,
			);
			buildRules = (
			);
			dependencies = (
				523F9234256E1D1200046E58 /* PBXTargetDependency */,
			);
			name = GithubFollowersAppUITests;
			productName = GithubFollowersAppUITests;
			productReference = 523F9232256E1D1200046E58 /* GithubFollowersAppUITests.xctest */;
			productType = "com.apple.product-type.bundle.ui-testing";
		};
/* End PBXNativeTarget section */

/* Begin PBXProject section */
		523F9209256E1D1000046E58 /* Project object */ = {
			isa = PBXProject;
			attributes = {
				LastSwiftUpdateCheck = 1210;
				LastUpgradeCheck = 1210;
				TargetAttributes = {
					523F9210256E1D1000046E58 = {
						CreatedOnToolsVersion = 12.1;
					};
					523F9226256E1D1200046E58 = {
						CreatedOnToolsVersion = 12.1;
						TestTargetID = 523F9210256E1D1000046E58;
					};
					523F9231256E1D1200046E58 = {
						CreatedOnToolsVersion = 12.1;
						TestTargetID = 523F9210256E1D1000046E58;
					};
				};
			};
			buildConfigurationList = 523F920C256E1D1000046E58 /* Build configuration list for PBXProject "GithubFollowersApp" */;
			compatibilityVersion = "Xcode 9.3";
			developmentRegion = en;
			hasScannedForEncodings = 0;
			knownRegions = (
				en,
				Base,
			);
			mainGroup = 523F9208256E1D1000046E58;
			productRefGroup = 523F9212256E1D1000046E58 /* Products */;
			projectDirPath = "";
			projectRoot = "";
			targets = (
				523F9210256E1D1000046E58 /* GithubFollowersApp */,
				523F9226256E1D1200046E58 /* GithubFollowersAppTests */,
				523F9231256E1D1200046E58 /* GithubFollowersAppUITests */,
			);
		};
/* End PBXProject section */

/* Begin PBXResourcesBuildPhase section */
		523F920F256E1D1000046E58 /* Resources */ = {
			isa = PBXResourcesBuildPhase;
			buildActionMask = 2147483647;
			files = (
				523F9221256E1D1200046E58 /* LaunchScreen.storyboard in Resources */,
				523F921E256E1D1200046E58 /* Assets.xcassets in Resources */,
			);
			runOnlyForDeploymentPostprocessing = 0;
		};
		523F9225256E1D1200046E58 /* Resources */ = {
			isa = PBXResourcesBuildPhase;
			buildActionMask = 2147483647;
			files = (
			);
			runOnlyForDeploymentPostprocessing = 0;
		};
		523F9230256E1D1200046E58 /* Resources */ = {
			isa = PBXResourcesBuildPhase;
			buildActionMask = 2147483647;
			files = (
			);
			runOnlyForDeploymentPostprocessing = 0;
		};
/* End PBXResourcesBuildPhase section */

/* Begin PBXSourcesBuildPhase section */
		523F920D256E1D1000046E58 /* Sources */ = {
			isa = PBXSourcesBuildPhase;
			buildActionMask = 2147483647;
			files = (
				523F9263256E2DBB00046E58 /* GFTextField.swift in Sources */,
				523F9259256E232E00046E58 /* FavoritesListVC.swift in Sources */,
				523F925E256E2BA200046E58 /* GFButton.swift in Sources */,
				523F9254256E230800046E58 /* SearchVC.swift in Sources */,
				523F9268256F743F00046E58 /* FollowerListVC.swift in Sources */,
				523F9215256E1D1000046E58 /* AppDelegate.swift in Sources */,
				523F9217256E1D1000046E58 /* SceneDelegate.swift in Sources */,
			);
			runOnlyForDeploymentPostprocessing = 0;
		};
		523F9223256E1D1200046E58 /* Sources */ = {
			isa = PBXSourcesBuildPhase;
			buildActionMask = 2147483647;
			files = (
				523F922C256E1D1200046E58 /* GithubFollowersAppTests.swift in Sources */,
			);
			runOnlyForDeploymentPostprocessing = 0;
		};
		523F922E256E1D1200046E58 /* Sources */ = {
			isa = PBXSourcesBuildPhase;
			buildActionMask = 2147483647;
			files = (
				523F9237256E1D1200046E58 /* GithubFollowersAppUITests.swift in Sources */,
			);
			runOnlyForDeploymentPostprocessing = 0;
		};
/* End PBXSourcesBuildPhase section */

/* Begin PBXTargetDependency section */
		523F9229256E1D1200046E58 /* PBXTargetDependency */ = {
			isa = PBXTargetDependency;
			target = 523F9210256E1D1000046E58 /* GithubFollowersApp */;
			targetProxy = 523F9228256E1D1200046E58 /* PBXContainerItemProxy */;
		};
		523F9234256E1D1200046E58 /* PBXTargetDependency */ = {
			isa = PBXTargetDependency;
			target = 523F9210256E1D1000046E58 /* GithubFollowersApp */;
			targetProxy = 523F9233256E1D1200046E58 /* PBXContainerItemProxy */;
		};
/* End PBXTargetDependency section */

/* Begin PBXVariantGroup section */
		523F921F256E1D1200046E58 /* LaunchScreen.storyboard */ = {
			isa = PBXVariantGroup;
			children = (
				523F9220256E1D1200046E58 /* Base */,
			);
			name = LaunchScreen.storyboard;
			sourceTree = "<group>";
		};
/* End PBXVariantGroup section */

/* Begin XCBuildConfiguration section */
		523F9239256E1D1200046E58 /* Debug */ = {
			isa = XCBuildConfiguration;
			buildSettings = {
				ALWAYS_SEARCH_USER_PATHS = NO;
				CLANG_ANALYZER_NONNULL = YES;
				CLANG_ANALYZER_NUMBER_OBJECT_CONVERSION = YES_AGGRESSIVE;
				CLANG_CXX_LANGUAGE_STANDARD = "gnu++14";
				CLANG_CXX_LIBRARY = "libc++";
				CLANG_ENABLE_MODULES = YES;
				CLANG_ENABLE_OBJC_ARC = YES;
				CLANG_ENABLE_OBJC_WEAK = YES;
				CLANG_WARN_BLOCK_CAPTURE_AUTORELEASING = YES;
				CLANG_WARN_BOOL_CONVERSION = YES;
				CLANG_WARN_COMMA = YES;
				CLANG_WARN_CONSTANT_CONVERSION = YES;
				CLANG_WARN_DEPRECATED_OBJC_IMPLEMENTATIONS = YES;
				CLANG_WARN_DIRECT_OBJC_ISA_USAGE = YES_ERROR;
				CLANG_WARN_DOCUMENTATION_COMMENTS = YES;
				CLANG_WARN_EMPTY_BODY = YES;
				CLANG_WARN_ENUM_CONVERSION = YES;
				CLANG_WARN_INFINITE_RECURSION = YES;
				CLANG_WARN_INT_CONVERSION = YES;
				CLANG_WARN_NON_LITERAL_NULL_CONVERSION = YES;
				CLANG_WARN_OBJC_IMPLICIT_RETAIN_SELF = YES;
				CLANG_WARN_OBJC_LITERAL_CONVERSION = YES;
				CLANG_WARN_OBJC_ROOT_CLASS = YES_ERROR;
				CLANG_WARN_QUOTED_INCLUDE_IN_FRAMEWORK_HEADER = YES;
				CLANG_WARN_RANGE_LOOP_ANALYSIS = YES;
				CLANG_WARN_STRICT_PROTOTYPES = YES;
				CLANG_WARN_SUSPICIOUS_MOVE = YES;
				CLANG_WARN_UNGUARDED_AVAILABILITY = YES_AGGRESSIVE;
				CLANG_WARN_UNREACHABLE_CODE = YES;
				CLANG_WARN__DUPLICATE_METHOD_MATCH = YES;
				COPY_PHASE_STRIP = NO;
				DEBUG_INFORMATION_FORMAT = dwarf;
				ENABLE_STRICT_OBJC_MSGSEND = YES;
				ENABLE_TESTABILITY = YES;
				GCC_C_LANGUAGE_STANDARD = gnu11;
				GCC_DYNAMIC_NO_PIC = NO;
				GCC_NO_COMMON_BLOCKS = YES;
				GCC_OPTIMIZATION_LEVEL = 0;
				GCC_PREPROCESSOR_DEFINITIONS = (
					"DEBUG=1",
					"$(inherited)",
				);
				GCC_WARN_64_TO_32_BIT_CONVERSION = YES;
				GCC_WARN_ABOUT_RETURN_TYPE = YES_ERROR;
				GCC_WARN_UNDECLARED_SELECTOR = YES;
				GCC_WARN_UNINITIALIZED_AUTOS = YES_AGGRESSIVE;
				GCC_WARN_UNUSED_FUNCTION = YES;
				GCC_WARN_UNUSED_VARIABLE = YES;
				IPHONEOS_DEPLOYMENT_TARGET = 14.1;
				MTL_ENABLE_DEBUG_INFO = INCLUDE_SOURCE;
				MTL_FAST_MATH = YES;
				ONLY_ACTIVE_ARCH = YES;
				SDKROOT = iphoneos;
				SWIFT_ACTIVE_COMPILATION_CONDITIONS = DEBUG;
				SWIFT_OPTIMIZATION_LEVEL = "-Onone";
			};
			name = Debug;
		};
		523F923A256E1D1200046E58 /* Release */ = {
			isa = XCBuildConfiguration;
			buildSettings = {
				ALWAYS_SEARCH_USER_PATHS = NO;
				CLANG_ANALYZER_NONNULL = YES;
				CLANG_ANALYZER_NUMBER_OBJECT_CONVERSION = YES_AGGRESSIVE;
				CLANG_CXX_LANGUAGE_STANDARD = "gnu++14";
				CLANG_CXX_LIBRARY = "libc++";
				CLANG_ENABLE_MODULES = YES;
				CLANG_ENABLE_OBJC_ARC = YES;
				CLANG_ENABLE_OBJC_WEAK = YES;
				CLANG_WARN_BLOCK_CAPTURE_AUTORELEASING = YES;
				CLANG_WARN_BOOL_CONVERSION = YES;
				CLANG_WARN_COMMA = YES;
				CLANG_WARN_CONSTANT_CONVERSION = YES;
				CLANG_WARN_DEPRECATED_OBJC_IMPLEMENTATIONS = YES;
				CLANG_WARN_DIRECT_OBJC_ISA_USAGE = YES_ERROR;
				CLANG_WARN_DOCUMENTATION_COMMENTS = YES;
				CLANG_WARN_EMPTY_BODY = YES;
				CLANG_WARN_ENUM_CONVERSION = YES;
				CLANG_WARN_INFINITE_RECURSION = YES;
				CLANG_WARN_INT_CONVERSION = YES;
				CLANG_WARN_NON_LITERAL_NULL_CONVERSION = YES;
				CLANG_WARN_OBJC_IMPLICIT_RETAIN_SELF = YES;
				CLANG_WARN_OBJC_LITERAL_CONVERSION = YES;
				CLANG_WARN_OBJC_ROOT_CLASS = YES_ERROR;
				CLANG_WARN_QUOTED_INCLUDE_IN_FRAMEWORK_HEADER = YES;
				CLANG_WARN_RANGE_LOOP_ANALYSIS = YES;
				CLANG_WARN_STRICT_PROTOTYPES = YES;
				CLANG_WARN_SUSPICIOUS_MOVE = YES;
				CLANG_WARN_UNGUARDED_AVAILABILITY = YES_AGGRESSIVE;
				CLANG_WARN_UNREACHABLE_CODE = YES;
				CLANG_WARN__DUPLICATE_METHOD_MATCH = YES;
				COPY_PHASE_STRIP = NO;
				DEBUG_INFORMATION_FORMAT = "dwarf-with-dsym";
				ENABLE_NS_ASSERTIONS = NO;
				ENABLE_STRICT_OBJC_MSGSEND = YES;
				GCC_C_LANGUAGE_STANDARD = gnu11;
				GCC_NO_COMMON_BLOCKS = YES;
				GCC_WARN_64_TO_32_BIT_CONVERSION = YES;
				GCC_WARN_ABOUT_RETURN_TYPE = YES_ERROR;
				GCC_WARN_UNDECLARED_SELECTOR = YES;
				GCC_WARN_UNINITIALIZED_AUTOS = YES_AGGRESSIVE;
				GCC_WARN_UNUSED_FUNCTION = YES;
				GCC_WARN_UNUSED_VARIABLE = YES;
				IPHONEOS_DEPLOYMENT_TARGET = 14.1;
				MTL_ENABLE_DEBUG_INFO = NO;
				MTL_FAST_MATH = YES;
				SDKROOT = iphoneos;
				SWIFT_COMPILATION_MODE = wholemodule;
				SWIFT_OPTIMIZATION_LEVEL = "-O";
				VALIDATE_PRODUCT = YES;
			};
			name = Release;
		};
		523F923C256E1D1200046E58 /* Debug */ = {
			isa = XCBuildConfiguration;
			buildSettings = {
				ASSETCATALOG_COMPILER_APPICON_NAME = AppIcon;
				ASSETCATALOG_COMPILER_GLOBAL_ACCENT_COLOR_NAME = AccentColor;
				CODE_SIGN_STYLE = Automatic;
				DEVELOPMENT_TEAM = 82A73W27NY;
				INFOPLIST_FILE = GithubFollowersApp/Info.plist;
				LD_RUNPATH_SEARCH_PATHS = (
					"$(inherited)",
					"@executable_path/Frameworks",
				);
				PRODUCT_BUNDLE_IDENTIFIER = "Muhammad-Doukmak.GithubFollowersApp";
				PRODUCT_NAME = "$(TARGET_NAME)";
				SWIFT_VERSION = 5.0;
				TARGETED_DEVICE_FAMILY = 1;
			};
			name = Debug;
		};
		523F923D256E1D1200046E58 /* Release */ = {
			isa = XCBuildConfiguration;
			buildSettings = {
				ASSETCATALOG_COMPILER_APPICON_NAME = AppIcon;
				ASSETCATALOG_COMPILER_GLOBAL_ACCENT_COLOR_NAME = AccentColor;
				CODE_SIGN_STYLE = Automatic;
				DEVELOPMENT_TEAM = 82A73W27NY;
				INFOPLIST_FILE = GithubFollowersApp/Info.plist;
				LD_RUNPATH_SEARCH_PATHS = (
					"$(inherited)",
					"@executable_path/Frameworks",
				);
				PRODUCT_BUNDLE_IDENTIFIER = "Muhammad-Doukmak.GithubFollowersApp";
				PRODUCT_NAME = "$(TARGET_NAME)";
				SWIFT_VERSION = 5.0;
				TARGETED_DEVICE_FAMILY = 1;
			};
			name = Release;
		};
		523F923F256E1D1200046E58 /* Debug */ = {
			isa = XCBuildConfiguration;
			buildSettings = {
				ALWAYS_EMBED_SWIFT_STANDARD_LIBRARIES = YES;
				BUNDLE_LOADER = "$(TEST_HOST)";
				CODE_SIGN_STYLE = Automatic;
				DEVELOPMENT_TEAM = 82A73W27NY;
				INFOPLIST_FILE = GithubFollowersAppTests/Info.plist;
				IPHONEOS_DEPLOYMENT_TARGET = 14.1;
				LD_RUNPATH_SEARCH_PATHS = (
					"$(inherited)",
					"@executable_path/Frameworks",
					"@loader_path/Frameworks",
				);
				PRODUCT_BUNDLE_IDENTIFIER = "Muhammad-Doukmak.GithubFollowersAppTests";
				PRODUCT_NAME = "$(TARGET_NAME)";
				SWIFT_VERSION = 5.0;
				TARGETED_DEVICE_FAMILY = "1,2";
				TEST_HOST = "$(BUILT_PRODUCTS_DIR)/GithubFollowersApp.app/GithubFollowersApp";
			};
			name = Debug;
		};
		523F9240256E1D1200046E58 /* Release */ = {
			isa = XCBuildConfiguration;
			buildSettings = {
				ALWAYS_EMBED_SWIFT_STANDARD_LIBRARIES = YES;
				BUNDLE_LOADER = "$(TEST_HOST)";
				CODE_SIGN_STYLE = Automatic;
				DEVELOPMENT_TEAM = 82A73W27NY;
				INFOPLIST_FILE = GithubFollowersAppTests/Info.plist;
				IPHONEOS_DEPLOYMENT_TARGET = 14.1;
				LD_RUNPATH_SEARCH_PATHS = (
					"$(inherited)",
					"@executable_path/Frameworks",
					"@loader_path/Frameworks",
				);
				PRODUCT_BUNDLE_IDENTIFIER = "Muhammad-Doukmak.GithubFollowersAppTests";
				PRODUCT_NAME = "$(TARGET_NAME)";
				SWIFT_VERSION = 5.0;
				TARGETED_DEVICE_FAMILY = "1,2";
				TEST_HOST = "$(BUILT_PRODUCTS_DIR)/GithubFollowersApp.app/GithubFollowersApp";
			};
			name = Release;
		};
		523F9242256E1D1200046E58 /* Debug */ = {
			isa = XCBuildConfiguration;
			buildSettings = {
				ALWAYS_EMBED_SWIFT_STANDARD_LIBRARIES = YES;
				CODE_SIGN_STYLE = Automatic;
				DEVELOPMENT_TEAM = 82A73W27NY;
				INFOPLIST_FILE = GithubFollowersAppUITests/Info.plist;
				LD_RUNPATH_SEARCH_PATHS = (
					"$(inherited)",
					"@executable_path/Frameworks",
					"@loader_path/Frameworks",
				);
				PRODUCT_BUNDLE_IDENTIFIER = "Muhammad-Doukmak.GithubFollowersAppUITests";
				PRODUCT_NAME = "$(TARGET_NAME)";
				SWIFT_VERSION = 5.0;
				TARGETED_DEVICE_FAMILY = "1,2";
				TEST_TARGET_NAME = GithubFollowersApp;
			};
			name = Debug;
		};
		523F9243256E1D1200046E58 /* Release */ = {
			isa = XCBuildConfiguration;
			buildSettings = {
				ALWAYS_EMBED_SWIFT_STANDARD_LIBRARIES = YES;
				CODE_SIGN_STYLE = Automatic;
				DEVELOPMENT_TEAM = 82A73W27NY;
				INFOPLIST_FILE = GithubFollowersAppUITests/Info.plist;
				LD_RUNPATH_SEARCH_PATHS = (
					"$(inherited)",
					"@executable_path/Frameworks",
					"@loader_path/Frameworks",
				);
				PRODUCT_BUNDLE_IDENTIFIER = "Muhammad-Doukmak.GithubFollowersAppUITests";
				PRODUCT_NAME = "$(TARGET_NAME)";
				SWIFT_VERSION = 5.0;
				TARGETED_DEVICE_FAMILY = "1,2";
				TEST_TARGET_NAME = GithubFollowersApp;
			};
			name = Release;
		};
/* End XCBuildConfiguration section */

/* Begin XCConfigurationList section */
		523F920C256E1D1000046E58 /* Build configuration list for PBXProject "GithubFollowersApp" */ = {
			isa = XCConfigurationList;
			buildConfigurations = (
				523F9239256E1D1200046E58 /* Debug */,
				523F923A256E1D1200046E58 /* Release */,
			);
			defaultConfigurationIsVisible = 0;
			defaultConfigurationName = Release;
		};
		523F923B256E1D1200046E58 /* Build configuration list for PBXNativeTarget "GithubFollowersApp" */ = {
			isa = XCConfigurationList;
			buildConfigurations = (
				523F923C256E1D1200046E58 /* Debug */,
				523F923D256E1D1200046E58 /* Release */,
			);
			defaultConfigurationIsVisible = 0;
			defaultConfigurationName = Release;
		};
		523F923E256E1D1200046E58 /* Build configuration list for PBXNativeTarget "GithubFollowersAppTests" */ = {
			isa = XCConfigurationList;
			buildConfigurations = (
				523F923F256E1D1200046E58 /* Debug */,
				523F9240256E1D1200046E58 /* Release */,
			);
			defaultConfigurationIsVisible = 0;
			defaultConfigurationName = Release;
		};
		523F9241256E1D1200046E58 /* Build configuration list for PBXNativeTarget "GithubFollowersAppUITests" */ = {
			isa = XCConfigurationList;
			buildConfigurations = (
				523F9242256E1D1200046E58 /* Debug */,
				523F9243256E1D1200046E58 /* Release */,
			);
			defaultConfigurationIsVisible = 0;
			defaultConfigurationName = Release;
		};
/* End XCConfigurationList section */
	};
	rootObject = 523F9209256E1D1000046E58 /* Project object */;
}
